
Microsoft Visual Studio Solution File, Format Version 12.00
# Visual Studio Version 17
VisualStudioVersion = 17.9.34622.214
MinimumVisualStudioVersion = 10.0.40219.1
Project("{FAE04EC0-301F-11D3-BF4B-00C04F79EFBC}") = "IntegraBrasilAPI.API", "IntegraBrasilAPI.API\IntegraBrasilAPI.API.csproj", "{AC2628A9-F125-4C8E-A540-461283A56EAA}"
EndProject
Global
	GlobalSection(SolutionConfigurationPlatforms) = preSolution
		Debug|Any CPU = Debug|Any CPU
		Release|Any CPU = Release|Any CPU
	EndGlobalSection
	GlobalSection(ProjectConfigurationPlatforms) = postSolution
		{AC2628A9-F125-4C8E-A540-461283A56EAA}.Debug|Any CPU.ActiveCfg = Debug|Any CPU
		{AC2628A9-F125-4C8E-A540-461283A56EAA}.Debug|Any CPU.Build.0 = Debug|Any CPU
		{AC2628A9-F125-4C8E-A540-461283A56EAA}.Release|Any CPU.ActiveCfg = Release|Any CPU
		{AC2628A9-F125-4C8E-A540-461283A56EAA}.Release|Any CPU.Build.0 = Release|Any CPU
	EndGlobalSection
	GlobalSection(SolutionProperties) = preSolution
		HideSolutionNode = FALSE
	EndGlobalSection
	GlobalSection(ExtensibilityGlobals) = postSolution
		SolutionGuid = {DA280A2D-C5F0-44E3-9744-3F857D5999D8}
	EndGlobalSection
EndGlobal
